
Microsoft Visual Studio Solution File, Format Version 12.00
# Visual Studio Version 17
VisualStudioVersion = 17.13.35806.99 d17.13
MinimumVisualStudioVersion = 10.0.40219.1
Project("{FAE04EC0-301F-11D3-BF4B-00C04F79EFBC}") = "ejercicio4", "ejercicio4\ejercicio4.csproj", "{E7A3A66B-4F24-41A4-B615-DBE3DB8B23BB}"
EndProject
Global
	GlobalSection(SolutionConfigurationPlatforms) = preSolution
		Debug|Any CPU = Debug|Any CPU
		Release|Any CPU = Release|Any CPU
	EndGlobalSection
	GlobalSection(ProjectConfigurationPlatforms) = postSolution
		{E7A3A66B-4F24-41A4-B615-DBE3DB8B23BB}.Debug|Any CPU.ActiveCfg = Debug|Any CPU
		{E7A3A66B-4F24-41A4-B615-DBE3DB8B23BB}.Debug|Any CPU.Build.0 = Debug|Any CPU
		{E7A3A66B-4F24-41A4-B615-DBE3DB8B23BB}.Release|Any CPU.ActiveCfg = Release|Any CPU
		{E7A3A66B-4F24-41A4-B615-DBE3DB8B23BB}.Release|Any CPU.Build.0 = Release|Any CPU
	EndGlobalSection
	GlobalSection(SolutionProperties) = preSolution
		HideSolutionNode = FALSE
	EndGlobalSection
	GlobalSection(ExtensibilityGlobals) = postSolution
		SolutionGuid = {E0E36BA6-B61E-45A3-A269-E6D9742FCA99}
	EndGlobalSection
EndGlobal
